
Microsoft Visual Studio Solution File, Format Version 12.00
# Visual Studio Version 17
VisualStudioVersion = 17.8.34316.72
MinimumVisualStudioVersion = 10.0.40219.1
Project("{FAE04EC0-301F-11D3-BF4B-00C04F79EFBC}") = "Chat", "Chat\Chat.csproj", "{3653956E-C336-401B-9604-D3B017DF8F94}"
EndProject
Global
	GlobalSection(SolutionConfigurationPlatforms) = preSolution
		Debug|Any CPU = Debug|Any CPU
		Release|Any CPU = Release|Any CPU
	EndGlobalSection
	GlobalSection(ProjectConfigurationPlatforms) = postSolution
		{3653956E-C336-401B-9604-D3B017DF8F94}.Debug|Any CPU.ActiveCfg = Debug|Any CPU
		{3653956E-C336-401B-9604-D3B017DF8F94}.Debug|Any CPU.Build.0 = Debug|Any CPU
		{3653956E-C336-401B-9604-D3B017DF8F94}.Release|Any CPU.ActiveCfg = Release|Any CPU
		{3653956E-C336-401B-9604-D3B017DF8F94}.Release|Any CPU.Build.0 = Release|Any CPU
	EndGlobalSection
	GlobalSection(SolutionProperties) = preSolution
		HideSolutionNode = FALSE
	EndGlobalSection
	GlobalSection(ExtensibilityGlobals) = postSolution
		SolutionGuid = {24C0447D-CF4F-4991-BCF8-5FF03B7FC670}
	EndGlobalSection
EndGlobal
